
Microsoft Visual Studio Solution File, Format Version 12.00
# Visual Studio Version 17
VisualStudioVersion = 17.6.33801.468
MinimumVisualStudioVersion = 10.0.40219.1
Project("{FAE04EC0-301F-11D3-BF4B-00C04F79EFBC}") = "Sklad", "Sklad\Sklad.csproj", "{951B7C17-DA97-42B0-A5F8-CFE074091BFE}"
EndProject
Global
	GlobalSection(SolutionConfigurationPlatforms) = preSolution
		Debug|Any CPU = Debug|Any CPU
		Release|Any CPU = Release|Any CPU
	EndGlobalSection
	GlobalSection(ProjectConfigurationPlatforms) = postSolution
		{951B7C17-DA97-42B0-A5F8-CFE074091BFE}.Debug|Any CPU.ActiveCfg = Debug|Any CPU
		{951B7C17-DA97-42B0-A5F8-CFE074091BFE}.Debug|Any CPU.Build.0 = Debug|Any CPU
		{951B7C17-DA97-42B0-A5F8-CFE074091BFE}.Release|Any CPU.ActiveCfg = Release|Any CPU
		{951B7C17-DA97-42B0-A5F8-CFE074091BFE}.Release|Any CPU.Build.0 = Release|Any CPU
	EndGlobalSection
	GlobalSection(SolutionProperties) = preSolution
		HideSolutionNode = FALSE
	EndGlobalSection
	GlobalSection(ExtensibilityGlobals) = postSolution
		SolutionGuid = {37DE7A25-49E7-4591-B9B7-C9721D8F2BEE}
	EndGlobalSection
EndGlobal
